// !$*UTF8*$!
{
	archiveVersion = 1;
	classes = {
	};
	objectVersion = 51;
	objects = {

/* Begin PBXBuildFile section */
		7AE5BB6580D394892C257D74 /* Pods_Chat_App_MVVM_No_Storyboard.framework in Frameworks */ = {isa = PBXBuildFile; fileRef = 1B0A6C6623DFE63420CAA40E /* Pods_Chat_App_MVVM_No_Storyboard.framework */; };
		A710C3F52664E56900F798FE /* MessageCell.swift in Sources */ = {isa = PBXBuildFile; fileRef = A710C3F42664E56900F798FE /* MessageCell.swift */; };
		A710C3F826660BF400F798FE /* Message.swift in Sources */ = {isa = PBXBuildFile; fileRef = A710C3F726660BF400F798FE /* Message.swift */; };
		A710C3FB266614BF00F798FE /* MessageViewModel.swift in Sources */ = {isa = PBXBuildFile; fileRef = A710C3FA266614BF00F798FE /* MessageViewModel.swift */; };
		A710C41F266655D100F798FE /* Constants.swift in Sources */ = {isa = PBXBuildFile; fileRef = A710C41E266655D100F798FE /* Constants.swift */; };
		A710C422266773C100F798FE /* ConversationCell.swift in Sources */ = {isa = PBXBuildFile; fileRef = A710C421266773C100F798FE /* ConversationCell.swift */; };
		A710C43926677D1200F798FE /* CustomTimeStamp.swift in Sources */ = {isa = PBXBuildFile; fileRef = A710C43826677D1200F798FE /* CustomTimeStamp.swift */; };
		A710C43C2667814B00F798FE /* ConversationViewModel.swift in Sources */ = {isa = PBXBuildFile; fileRef = A710C43B2667814B00F798FE /* ConversationViewModel.swift */; };
		A730DFA626552D6200F1137B /* GoogleService-Info.plist in Resources */ = {isa = PBXBuildFile; fileRef = A730DFA526552D6200F1137B /* GoogleService-Info.plist */; };
		A73CC6DA26568A4200279F66 /* NewMessageController.swift in Sources */ = {isa = PBXBuildFile; fileRef = A73CC6D926568A4200279F66 /* NewMessageController.swift */; };
		A73CC6DD265691A200279F66 /* UserCell.swift in Sources */ = {isa = PBXBuildFile; fileRef = A73CC6DC265691A200279F66 /* UserCell.swift */; };
		A73CC6E02656987800279F66 /* User.swift in Sources */ = {isa = PBXBuildFile; fileRef = A73CC6DF2656987800279F66 /* User.swift */; };
		A73CC6E3265699C200279F66 /* Service.swift in Sources */ = {isa = PBXBuildFile; fileRef = A73CC6E2265699C200279F66 /* Service.swift */; };
		A73CC6E62657E90100279F66 /* ChatController.swift in Sources */ = {isa = PBXBuildFile; fileRef = A73CC6E52657E90100279F66 /* ChatController.swift */; };
		A73CC6E92657F32400279F66 /* CustomInputAccessoryView.swift in Sources */ = {isa = PBXBuildFile; fileRef = A73CC6E82657F32400279F66 /* CustomInputAccessoryView.swift */; };
		A73E528A2653994A00872103 /* AppDelegate.swift in Sources */ = {isa = PBXBuildFile; fileRef = A73E52892653994A00872103 /* AppDelegate.swift */; };
		A73E528C2653994A00872103 /* SceneDelegate.swift in Sources */ = {isa = PBXBuildFile; fileRef = A73E528B2653994A00872103 /* SceneDelegate.swift */; };
		A73E528E2653994A00872103 /* ViewController.swift in Sources */ = {isa = PBXBuildFile; fileRef = A73E528D2653994A00872103 /* ViewController.swift */; };
		A73E52912653994A00872103 /* Main.storyboard in Resources */ = {isa = PBXBuildFile; fileRef = A73E528F2653994A00872103 /* Main.storyboard */; };
		A73E52932653994A00872103 /* Assets.xcassets in Resources */ = {isa = PBXBuildFile; fileRef = A73E52922653994A00872103 /* Assets.xcassets */; };
		A73E52962653994A00872103 /* LaunchScreen.storyboard in Resources */ = {isa = PBXBuildFile; fileRef = A73E52942653994A00872103 /* LaunchScreen.storyboard */; };
		A73E52A626539A2800872103 /* ConversationsController.swift in Sources */ = {isa = PBXBuildFile; fileRef = A73E52A526539A2800872103 /* ConversationsController.swift */; };
		A75CB1412654DB8400F5FC83 /* RegistrationViewModel.swift in Sources */ = {isa = PBXBuildFile; fileRef = A75CB1402654DB8400F5FC83 /* RegistrationViewModel.swift */; };
		A76B0CE62655638C00D63D92 /* AuthService.swift in Sources */ = {isa = PBXBuildFile; fileRef = A76B0CE52655638C00D63D92 /* AuthService.swift */; };
		A77072A62654439B00D0AB7F /* LoginViewModel.swift in Sources */ = {isa = PBXBuildFile; fileRef = A77072A52654439B00D0AB7F /* LoginViewModel.swift */; };
		A7AF35302673A815006C871D /* ProfileViewModel.swift in Sources */ = {isa = PBXBuildFile; fileRef = A7AF352F2673A815006C871D /* ProfileViewModel.swift */; };
		A7AF35332673AB3D006C871D /* ProfileCell.swift in Sources */ = {isa = PBXBuildFile; fileRef = A7AF35322673AB3D006C871D /* ProfileCell.swift */; };
		A7AF35362673E9C2006C871D /* ProfileFooter.swift in Sources */ = {isa = PBXBuildFile; fileRef = A7AF35352673E9C2006C871D /* ProfileFooter.swift */; };
		A7BF00052653BA24005A95DB /* LoginController.swift in Sources */ = {isa = PBXBuildFile; fileRef = A7BF00042653BA24005A95DB /* LoginController.swift */; };
		A7BF00082653BA38005A95DB /* RegistrationController.swift in Sources */ = {isa = PBXBuildFile; fileRef = A7BF00072653BA38005A95DB /* RegistrationController.swift */; };
		A7BF000B2653BF4E005A95DB /* Extentions.swift in Sources */ = {isa = PBXBuildFile; fileRef = A7BF000A2653BF4E005A95DB /* Extentions.swift */; };
		A7BF00292653D58D005A95DB /* InputConteinerView.swift in Sources */ = {isa = PBXBuildFile; fileRef = A7BF00282653D58D005A95DB /* InputConteinerView.swift */; };
		A7BF00412653E692005A95DB /* CustomUI.swift in Sources */ = {isa = PBXBuildFile; fileRef = A7BF00402653E692005A95DB /* CustomUI.swift */; };
		A7D0CE992668BACB00BACABC /* ProfileController.swift in Sources */ = {isa = PBXBuildFile; fileRef = A7D0CE982668BACB00BACABC /* ProfileController.swift */; };
		A7D0CE9C2668BC6000BACABC /* ProfileHeader.swift in Sources */ = {isa = PBXBuildFile; fileRef = A7D0CE9B2668BC6000BACABC /* ProfileHeader.swift */; };
/* End PBXBuildFile section */

/* Begin PBXFileReference section */
		1B0A6C6623DFE63420CAA40E /* Pods_Chat_App_MVVM_No_Storyboard.framework */ = {isa = PBXFileReference; explicitFileType = wrapper.framework; includeInIndex = 0; path = Pods_Chat_App_MVVM_No_Storyboard.framework; sourceTree = BUILT_PRODUCTS_DIR; };
		4D7943CA91C99F1813943ADC /* Pods-Chat App MVVM No Storyboard.release.xcconfig */ = {isa = PBXFileReference; includeInIndex = 1; lastKnownFileType = text.xcconfig; name = "Pods-Chat App MVVM No Storyboard.release.xcconfig"; path = "Target Support Files/Pods-Chat App MVVM No Storyboard/Pods-Chat App MVVM No Storyboard.release.xcconfig"; sourceTree = "<group>"; };
		A710C3F42664E56900F798FE /* MessageCell.swift */ = {isa = PBXFileReference; lastKnownFileType = sourcecode.swift; path = MessageCell.swift; sourceTree = "<group>"; };
		A710C3F726660BF400F798FE /* Message.swift */ = {isa = PBXFileReference; lastKnownFileType = sourcecode.swift; path = Message.swift; sourceTree = "<group>"; };
		A710C3FA266614BF00F798FE /* MessageViewModel.swift */ = {isa = PBXFileReference; lastKnownFileType = sourcecode.swift; path = MessageViewModel.swift; sourceTree = "<group>"; };
		A710C41E266655D100F798FE /* Constants.swift */ = {isa = PBXFileReference; lastKnownFileType = sourcecode.swift; path = Constants.swift; sourceTree = "<group>"; };
		A710C421266773C100F798FE /* ConversationCell.swift */ = {isa = PBXFileReference; lastKnownFileType = sourcecode.swift; path = ConversationCell.swift; sourceTree = "<group>"; };
		A710C43826677D1200F798FE /* CustomTimeStamp.swift */ = {isa = PBXFileReference; lastKnownFileType = sourcecode.swift; path = CustomTimeStamp.swift; sourceTree = "<group>"; };
		A710C43B2667814B00F798FE /* ConversationViewModel.swift */ = {isa = PBXFileReference; lastKnownFileType = sourcecode.swift; path = ConversationViewModel.swift; sourceTree = "<group>"; };
		A730DFA526552D6200F1137B /* GoogleService-Info.plist */ = {isa = PBXFileReference; fileEncoding = 4; lastKnownFileType = text.plist.xml; path = "GoogleService-Info.plist"; sourceTree = "<group>"; };
		A73CC6D926568A4200279F66 /* NewMessageController.swift */ = {isa = PBXFileReference; lastKnownFileType = sourcecode.swift; path = NewMessageController.swift; sourceTree = "<group>"; };
		A73CC6DC265691A200279F66 /* UserCell.swift */ = {isa = PBXFileReference; lastKnownFileType = sourcecode.swift; path = UserCell.swift; sourceTree = "<group>"; };
		A73CC6DF2656987800279F66 /* User.swift */ = {isa = PBXFileReference; lastKnownFileType = sourcecode.swift; path = User.swift; sourceTree = "<group>"; };
		A73CC6E2265699C200279F66 /* Service.swift */ = {isa = PBXFileReference; lastKnownFileType = sourcecode.swift; path = Service.swift; sourceTree = "<group>"; };
		A73CC6E52657E90100279F66 /* ChatController.swift */ = {isa = PBXFileReference; lastKnownFileType = sourcecode.swift; path = ChatController.swift; sourceTree = "<group>"; };
		A73CC6E82657F32400279F66 /* CustomInputAccessoryView.swift */ = {isa = PBXFileReference; lastKnownFileType = sourcecode.swift; path = CustomInputAccessoryView.swift; sourceTree = "<group>"; };
		A73E52862653994A00872103 /* Chat App MVVM No Storyboard.app */ = {isa = PBXFileReference; explicitFileType = wrapper.application; includeInIndex = 0; path = "Chat App MVVM No Storyboard.app"; sourceTree = BUILT_PRODUCTS_DIR; };
		A73E52892653994A00872103 /* AppDelegate.swift */ = {isa = PBXFileReference; lastKnownFileType = sourcecode.swift; path = AppDelegate.swift; sourceTree = "<group>"; };
		A73E528B2653994A00872103 /* SceneDelegate.swift */ = {isa = PBXFileReference; lastKnownFileType = sourcecode.swift; path = SceneDelegate.swift; sourceTree = "<group>"; };
		A73E528D2653994A00872103 /* ViewController.swift */ = {isa = PBXFileReference; lastKnownFileType = sourcecode.swift; path = ViewController.swift; sourceTree = "<group>"; };
		A73E52902653994A00872103 /* Base */ = {isa = PBXFileReference; lastKnownFileType = file.storyboard; name = Base; path = Base.lproj/Main.storyboard; sourceTree = "<group>"; };
		A73E52922653994A00872103 /* Assets.xcassets */ = {isa = PBXFileReference; lastKnownFileType = folder.assetcatalog; path = Assets.xcassets; sourceTree = "<group>"; };
		A73E52952653994A00872103 /* Base */ = {isa = PBXFileReference; lastKnownFileType = file.storyboard; name = Base; path = Base.lproj/LaunchScreen.storyboard; sourceTree = "<group>"; };
		A73E52972653994A00872103 /* Info.plist */ = {isa = PBXFileReference; lastKnownFileType = text.plist.xml; path = Info.plist; sourceTree = "<group>"; };
		A73E52A526539A2800872103 /* ConversationsController.swift */ = {isa = PBXFileReference; lastKnownFileType = sourcecode.swift; path = ConversationsController.swift; sourceTree = "<group>"; };
		A75CB1402654DB8400F5FC83 /* RegistrationViewModel.swift */ = {isa = PBXFileReference; lastKnownFileType = sourcecode.swift; path = RegistrationViewModel.swift; sourceTree = "<group>"; };
		A76B0CE52655638C00D63D92 /* AuthService.swift */ = {isa = PBXFileReference; lastKnownFileType = sourcecode.swift; path = AuthService.swift; sourceTree = "<group>"; };
		A77072A52654439B00D0AB7F /* LoginViewModel.swift */ = {isa = PBXFileReference; lastKnownFileType = sourcecode.swift; path = LoginViewModel.swift; sourceTree = "<group>"; };
		A7AF352F2673A815006C871D /* ProfileViewModel.swift */ = {isa = PBXFileReference; lastKnownFileType = sourcecode.swift; path = ProfileViewModel.swift; sourceTree = "<group>"; };
		A7AF35322673AB3D006C871D /* ProfileCell.swift */ = {isa = PBXFileReference; lastKnownFileType = sourcecode.swift; path = ProfileCell.swift; sourceTree = "<group>"; };
		A7AF35352673E9C2006C871D /* ProfileFooter.swift */ = {isa = PBXFileReference; lastKnownFileType = sourcecode.swift; path = ProfileFooter.swift; sourceTree = "<group>"; };
		A7BF00042653BA24005A95DB /* LoginController.swift */ = {isa = PBXFileReference; lastKnownFileType = sourcecode.swift; path = LoginController.swift; sourceTree = "<group>"; };
		A7BF00072653BA38005A95DB /* RegistrationController.swift */ = {isa = PBXFileReference; lastKnownFileType = sourcecode.swift; path = RegistrationController.swift; sourceTree = "<group>"; };
		A7BF000A2653BF4E005A95DB /* Extentions.swift */ = {isa = PBXFileReference; lastKnownFileType = sourcecode.swift; path = Extentions.swift; sourceTree = "<group>"; };
		A7BF00282653D58D005A95DB /* InputConteinerView.swift */ = {isa = PBXFileReference; lastKnownFileType = sourcecode.swift; path = InputConteinerView.swift; sourceTree = "<group>"; };
		A7BF00402653E692005A95DB /* CustomUI.swift */ = {isa = PBXFileReference; lastKnownFileType = sourcecode.swift; path = CustomUI.swift; sourceTree = "<group>"; };
		A7D0CE982668BACB00BACABC /* ProfileController.swift */ = {isa = PBXFileReference; lastKnownFileType = sourcecode.swift; path = ProfileController.swift; sourceTree = "<group>"; };
		A7D0CE9B2668BC6000BACABC /* ProfileHeader.swift */ = {isa = PBXFileReference; lastKnownFileType = sourcecode.swift; path = ProfileHeader.swift; sourceTree = "<group>"; };
		D3A78520A8B1140116833F55 /* Pods-Chat App MVVM No Storyboard.debug.xcconfig */ = {isa = PBXFileReference; includeInIndex = 1; lastKnownFileType = text.xcconfig; name = "Pods-Chat App MVVM No Storyboard.debug.xcconfig"; path = "Target Support Files/Pods-Chat App MVVM No Storyboard/Pods-Chat App MVVM No Storyboard.debug.xcconfig"; sourceTree = "<group>"; };
/* End PBXFileReference section */

/* Begin PBXFrameworksBuildPhase section */
		A73E52832653994A00872103 /* Frameworks */ = {
			isa = PBXFrameworksBuildPhase;
			buildActionMask = 2147483647;
			files = (
				7AE5BB6580D394892C257D74 /* Pods_Chat_App_MVVM_No_Storyboard.framework in Frameworks */,
			);
			runOnlyForDeploymentPostprocessing = 0;
		};
/* End PBXFrameworksBuildPhase section */

/* Begin PBXGroup section */
		2D213CF674D6E4CE03AA3E49 /* Frameworks */ = {
			isa = PBXGroup;
			children = (
				1B0A6C6623DFE63420CAA40E /* Pods_Chat_App_MVVM_No_Storyboard.framework */,
			);
			name = Frameworks;
			sourceTree = "<group>";
		};
		3948AF759B3D6B7573CE5D70 /* Pods */ = {
			isa = PBXGroup;
			children = (
				D3A78520A8B1140116833F55 /* Pods-Chat App MVVM No Storyboard.debug.xcconfig */,
				4D7943CA91C99F1813943ADC /* Pods-Chat App MVVM No Storyboard.release.xcconfig */,
			);
			path = Pods;
			sourceTree = "<group>";
		};
		A73E527D2653994A00872103 = {
			isa = PBXGroup;
			children = (
				A73E52882653994A00872103 /* Chat App MVVM No Storyboard */,
				A73E52872653994A00872103 /* Products */,
				3948AF759B3D6B7573CE5D70 /* Pods */,
				2D213CF674D6E4CE03AA3E49 /* Frameworks */,
			);
			sourceTree = "<group>";
		};
		A73E52872653994A00872103 /* Products */ = {
			isa = PBXGroup;
			children = (
				A73E52862653994A00872103 /* Chat App MVVM No Storyboard.app */,
			);
			name = Products;
			sourceTree = "<group>";
		};
		A73E52882653994A00872103 /* Chat App MVVM No Storyboard */ = {
			isa = PBXGroup;
			children = (
				A73E52A42653999600872103 /* Model */,
				A73E52A32653999400872103 /* View */,
				A73E52A22653999300872103 /* ViewModel */,
				A73E52A12653999100872103 /* Controller */,
				A73E529F2653998400872103 /* API */,
				A73E529E2653997600872103 /* Utilis */,
				A73E52892653994A00872103 /* AppDelegate.swift */,
				A73E528B2653994A00872103 /* SceneDelegate.swift */,
				A73E528D2653994A00872103 /* ViewController.swift */,
				A73E528F2653994A00872103 /* Main.storyboard */,
				A73E52922653994A00872103 /* Assets.xcassets */,
				A73E52942653994A00872103 /* LaunchScreen.storyboard */,
				A730DFA526552D6200F1137B /* GoogleService-Info.plist */,
				A73E52972653994A00872103 /* Info.plist */,
			);
			path = "Chat App MVVM No Storyboard";
			sourceTree = "<group>";
		};
		A73E529E2653997600872103 /* Utilis */ = {
			isa = PBXGroup;
			children = (
				A7BF000A2653BF4E005A95DB /* Extentions.swift */,
				A710C41E266655D100F798FE /* Constants.swift */,
				A710C43826677D1200F798FE /* CustomTimeStamp.swift */,
			);
			path = Utilis;
			sourceTree = "<group>";
		};
		A73E529F2653998400872103 /* API */ = {
			isa = PBXGroup;
			children = (
				A76B0CE52655638C00D63D92 /* AuthService.swift */,
				A73CC6E2265699C200279F66 /* Service.swift */,
			);
			path = API;
			sourceTree = "<group>";
		};
		A73E52A12653999100872103 /* Controller */ = {
			isa = PBXGroup;
			children = (
				A7BF00032653B9FE005A95DB /* Authentication */,
				A73E52A526539A2800872103 /* ConversationsController.swift */,
				A73CC6D926568A4200279F66 /* NewMessageController.swift */,
				A73CC6E52657E90100279F66 /* ChatController.swift */,
				A7D0CE982668BACB00BACABC /* ProfileController.swift */,
			);
			path = Controller;
			sourceTree = "<group>";
		};
		A73E52A22653999300872103 /* ViewModel */ = {
			isa = PBXGroup;
			children = (
				A75CB1432654DB9100F5FC83 /* Authentication */,
				A710C3FA266614BF00F798FE /* MessageViewModel.swift */,
				A710C43B2667814B00F798FE /* ConversationViewModel.swift */,
				A7AF352F2673A815006C871D /* ProfileViewModel.swift */,
			);
			path = ViewModel;
			sourceTree = "<group>";
		};
		A73E52A32653999400872103 /* View */ = {
			isa = PBXGroup;
			children = (
				A7BF00282653D58D005A95DB /* InputConteinerView.swift */,
				A7BF00402653E692005A95DB /* CustomUI.swift */,
				A73CC6DC265691A200279F66 /* UserCell.swift */,
				A73CC6E82657F32400279F66 /* CustomInputAccessoryView.swift */,
				A710C3F42664E56900F798FE /* MessageCell.swift */,
				A710C421266773C100F798FE /* ConversationCell.swift */,
				A7D0CE9B2668BC6000BACABC /* ProfileHeader.swift */,
				A7AF35322673AB3D006C871D /* ProfileCell.swift */,
				A7AF35352673E9C2006C871D /* ProfileFooter.swift */,
			);
			path = View;
			sourceTree = "<group>";
		};
		A73E52A42653999600872103 /* Model */ = {
			isa = PBXGroup;
			children = (
				A73CC6DF2656987800279F66 /* User.swift */,
				A710C3F726660BF400F798FE /* Message.swift */,
			);
			path = Model;
			sourceTree = "<group>";
		};
		A75CB1432654DB9100F5FC83 /* Authentication */ = {
			isa = PBXGroup;
			children = (
				A77072A52654439B00D0AB7F /* LoginViewModel.swift */,
				A75CB1402654DB8400F5FC83 /* RegistrationViewModel.swift */,
			);
			path = Authentication;
			sourceTree = "<group>";
		};
		A7BF00032653B9FE005A95DB /* Authentication */ = {
			isa = PBXGroup;
			children = (
				A7BF00042653BA24005A95DB /* LoginController.swift */,
				A7BF00072653BA38005A95DB /* RegistrationController.swift */,
			);
			path = Authentication;
			sourceTree = "<group>";
		};
/* End PBXGroup section */

/* Begin PBXNativeTarget section */
		A73E52852653994A00872103 /* Chat App MVVM No Storyboard */ = {
			isa = PBXNativeTarget;
			buildConfigurationList = A73E529A2653994A00872103 /* Build configuration list for PBXNativeTarget "Chat App MVVM No Storyboard" */;
			buildPhases = (
				507B5F46DFE82C8541716A55 /* [CP] Check Pods Manifest.lock */,
				A73E52822653994A00872103 /* Sources */,
				A73E52832653994A00872103 /* Frameworks */,
				A73E52842653994A00872103 /* Resources */,
				49867C1C75569F35BDE5ADD4 /* [CP] Embed Pods Frameworks */,
			);
			buildRules = (
			);
			dependencies = (
			);
			name = "Chat App MVVM No Storyboard";
			productName = "Chat App MVVM No Storyboard";
			productReference = A73E52862653994A00872103 /* Chat App MVVM No Storyboard.app */;
			productType = "com.apple.product-type.application";
		};
/* End PBXNativeTarget section */

/* Begin PBXProject section */
		A73E527E2653994A00872103 /* Project object */ = {
			isa = PBXProject;
			attributes = {
				LastSwiftUpdateCheck = 1230;
				LastUpgradeCheck = 1230;
				TargetAttributes = {
					A73E52852653994A00872103 = {
						CreatedOnToolsVersion = 12.3;
					};
				};
			};
			buildConfigurationList = A73E52812653994A00872103 /* Build configuration list for PBXProject "Chat App MVVM No Storyboard" */;
			compatibilityVersion = "Xcode 9.3";
			developmentRegion = en;
			hasScannedForEncodings = 0;
			knownRegions = (
				en,
				Base,
			);
			mainGroup = A73E527D2653994A00872103;
			productRefGroup = A73E52872653994A00872103 /* Products */;
			projectDirPath = "";
			projectRoot = "";
			targets = (
				A73E52852653994A00872103 /* Chat App MVVM No Storyboard */,
			);
		};
/* End PBXProject section */

/* Begin PBXResourcesBuildPhase section */
		A73E52842653994A00872103 /* Resources */ = {
			isa = PBXResourcesBuildPhase;
			buildActionMask = 2147483647;
			files = (
				A73E52962653994A00872103 /* LaunchScreen.storyboard in Resources */,
				A730DFA626552D6200F1137B /* GoogleService-Info.plist in Resources */,
				A73E52932653994A00872103 /* Assets.xcassets in Resources */,
				A73E52912653994A00872103 /* Main.storyboard in Resources */,
			);
			runOnlyForDeploymentPostprocessing = 0;
		};
/* End PBXResourcesBuildPhase section */

/* Begin PBXShellScriptBuildPhase section */
		49867C1C75569F35BDE5ADD4 /* [CP] Embed Pods Frameworks */ = {
			isa = PBXShellScriptBuildPhase;
			buildActionMask = 2147483647;
			files = (
			);
			inputFileListPaths = (
				"${PODS_ROOT}/Target Support Files/Pods-Chat App MVVM No Storyboard/Pods-Chat App MVVM No Storyboard-frameworks-${CONFIGURATION}-input-files.xcfilelist",
			);
			name = "[CP] Embed Pods Frameworks";
			outputFileListPaths = (
				"${PODS_ROOT}/Target Support Files/Pods-Chat App MVVM No Storyboard/Pods-Chat App MVVM No Storyboard-frameworks-${CONFIGURATION}-output-files.xcfilelist",
			);
			runOnlyForDeploymentPostprocessing = 0;
			shellPath = /bin/sh;
			shellScript = "\"${PODS_ROOT}/Target Support Files/Pods-Chat App MVVM No Storyboard/Pods-Chat App MVVM No Storyboard-frameworks.sh\"\n";
			showEnvVarsInLog = 0;
		};
		507B5F46DFE82C8541716A55 /* [CP] Check Pods Manifest.lock */ = {
			isa = PBXShellScriptBuildPhase;
			buildActionMask = 2147483647;
			files = (
			);
			inputFileListPaths = (
			);
			inputPaths = (
				"${PODS_PODFILE_DIR_PATH}/Podfile.lock",
				"${PODS_ROOT}/Manifest.lock",
			);
			name = "[CP] Check Pods Manifest.lock";
			outputFileListPaths = (
			);
			outputPaths = (
				"$(DERIVED_FILE_DIR)/Pods-Chat App MVVM No Storyboard-checkManifestLockResult.txt",
			);
			runOnlyForDeploymentPostprocessing = 0;
			shellPath = /bin/sh;
			shellScript = "diff \"${PODS_PODFILE_DIR_PATH}/Podfile.lock\" \"${PODS_ROOT}/Manifest.lock\" > /dev/null\nif [ $? != 0 ] ; then\n    # print error to STDERR\n    echo \"error: The sandbox is not in sync with the Podfile.lock. Run 'pod install' or update your CocoaPods installation.\" >&2\n    exit 1\nfi\n# This output is used by Xcode 'outputs' to avoid re-running this script phase.\necho \"SUCCESS\" > \"${SCRIPT_OUTPUT_FILE_0}\"\n";
			showEnvVarsInLog = 0;
		};
/* End PBXShellScriptBuildPhase section */

/* Begin PBXSourcesBuildPhase section */
		A73E52822653994A00872103 /* Sources */ = {
			isa = PBXSourcesBuildPhase;
			buildActionMask = 2147483647;
			files = (
				A73E528E2653994A00872103 /* ViewController.swift in Sources */,
				A710C41F266655D100F798FE /* Constants.swift in Sources */,
				A75CB1412654DB8400F5FC83 /* RegistrationViewModel.swift in Sources */,
				A73E528A2653994A00872103 /* AppDelegate.swift in Sources */,
				A76B0CE62655638C00D63D92 /* AuthService.swift in Sources */,
				A7D0CE992668BACB00BACABC /* ProfileController.swift in Sources */,
				A7AF35302673A815006C871D /* ProfileViewModel.swift in Sources */,
				A710C43C2667814B00F798FE /* ConversationViewModel.swift in Sources */,
				A710C3FB266614BF00F798FE /* MessageViewModel.swift in Sources */,
				A73E52A626539A2800872103 /* ConversationsController.swift in Sources */,
				A73E528C2653994A00872103 /* SceneDelegate.swift in Sources */,
				A73CC6DD265691A200279F66 /* UserCell.swift in Sources */,
				A7BF00082653BA38005A95DB /* RegistrationController.swift in Sources */,
				A73CC6E02656987800279F66 /* User.swift in Sources */,
				A73CC6E3265699C200279F66 /* Service.swift in Sources */,
				A710C3F52664E56900F798FE /* MessageCell.swift in Sources */,
				A7AF35362673E9C2006C871D /* ProfileFooter.swift in Sources */,
				A7BF00292653D58D005A95DB /* InputConteinerView.swift in Sources */,
				A7BF00052653BA24005A95DB /* LoginController.swift in Sources */,
				A710C43926677D1200F798FE /* CustomTimeStamp.swift in Sources */,
				A7BF000B2653BF4E005A95DB /* Extentions.swift in Sources */,
				A77072A62654439B00D0AB7F /* LoginViewModel.swift in Sources */,
				A73CC6E62657E90100279F66 /* ChatController.swift in Sources */,
				A7BF00412653E692005A95DB /* CustomUI.swift in Sources */,
				A710C422266773C100F798FE /* ConversationCell.swift in Sources */,
				A710C3F826660BF400F798FE /* Message.swift in Sources */,
				A73CC6DA26568A4200279F66 /* NewMessageController.swift in Sources */,
				A73CC6E92657F32400279F66 /* CustomInputAccessoryView.swift in Sources */,
				A7AF35332673AB3D006C871D /* ProfileCell.swift in Sources */,
				A7D0CE9C2668BC6000BACABC /* ProfileHeader.swift in Sources */,
			);
			runOnlyForDeploymentPostprocessing = 0;
		};
/* End PBXSourcesBuildPhase section */

/* Begin PBXVariantGroup section */
		A73E528F2653994A00872103 /* Main.storyboard */ = {
			isa = PBXVariantGroup;
			children = (
				A73E52902653994A00872103 /* Base */,
			);
			name = Main.storyboard;
			sourceTree = "<group>";
		};
		A73E52942653994A00872103 /* LaunchScreen.storyboard */ = {
			isa = PBXVariantGroup;
			children = (
				A73E52952653994A00872103 /* Base */,
			);
			name = LaunchScreen.storyboard;
			sourceTree = "<group>";
		};
/* End PBXVariantGroup section */

/* Begin XCBuildConfiguration section */
		A73E52982653994A00872103 /* Debug */ = {
			isa = XCBuildConfiguration;
			buildSettings = {
				ALWAYS_SEARCH_USER_PATHS = NO;
				CLANG_ANALYZER_NONNULL = YES;
				CLANG_ANALYZER_NUMBER_OBJECT_CONVERSION = YES_AGGRESSIVE;
				CLANG_CXX_LANGUAGE_STANDARD = "gnu++14";
				CLANG_CXX_LIBRARY = "libc++";
				CLANG_ENABLE_MODULES = YES;
				CLANG_ENABLE_OBJC_ARC = YES;
				CLANG_ENABLE_OBJC_WEAK = YES;
				CLANG_WARN_BLOCK_CAPTURE_AUTORELEASING = YES;
				CLANG_WARN_BOOL_CONVERSION = YES;
				CLANG_WARN_COMMA = YES;
				CLANG_WARN_CONSTANT_CONVERSION = YES;
				CLANG_WARN_DEPRECATED_OBJC_IMPLEMENTATIONS = YES;
				CLANG_WARN_DIRECT_OBJC_ISA_USAGE = YES_ERROR;
				CLANG_WARN_DOCUMENTATION_COMMENTS = YES;
				CLANG_WARN_EMPTY_BODY = YES;
				CLANG_WARN_ENUM_CONVERSION = YES;
				CLANG_WARN_INFINITE_RECURSION = YES;
				CLANG_WARN_INT_CONVERSION = YES;
				CLANG_WARN_NON_LITERAL_NULL_CONVERSION = YES;
				CLANG_WARN_OBJC_IMPLICIT_RETAIN_SELF = YES;
				CLANG_WARN_OBJC_LITERAL_CONVERSION = YES;
				CLANG_WARN_OBJC_ROOT_CLASS = YES_ERROR;
				CLANG_WARN_QUOTED_INCLUDE_IN_FRAMEWORK_HEADER = YES;
				CLANG_WARN_RANGE_LOOP_ANALYSIS = YES;
				CLANG_WARN_STRICT_PROTOTYPES = YES;
				CLANG_WARN_SUSPICIOUS_MOVE = YES;
				CLANG_WARN_UNGUARDED_AVAILABILITY = YES_AGGRESSIVE;
				CLANG_WARN_UNREACHABLE_CODE = YES;
				CLANG_WARN__DUPLICATE_METHOD_MATCH = YES;
				COPY_PHASE_STRIP = NO;
				DEBUG_INFORMATION_FORMAT = dwarf;
				ENABLE_STRICT_OBJC_MSGSEND = YES;
				ENABLE_TESTABILITY = YES;
				GCC_C_LANGUAGE_STANDARD = gnu11;
				GCC_DYNAMIC_NO_PIC = NO;
				GCC_NO_COMMON_BLOCKS = YES;
				GCC_OPTIMIZATION_LEVEL = 0;
				GCC_PREPROCESSOR_DEFINITIONS = (
					"DEBUG=1",
					"$(inherited)",
				);
				GCC_WARN_64_TO_32_BIT_CONVERSION = YES;
				GCC_WARN_ABOUT_RETURN_TYPE = YES_ERROR;
				GCC_WARN_UNDECLARED_SELECTOR = YES;
				GCC_WARN_UNINITIALIZED_AUTOS = YES_AGGRESSIVE;
				GCC_WARN_UNUSED_FUNCTION = YES;
				GCC_WARN_UNUSED_VARIABLE = YES;
				IPHONEOS_DEPLOYMENT_TARGET = 14.3;
				MTL_ENABLE_DEBUG_INFO = INCLUDE_SOURCE;
				MTL_FAST_MATH = YES;
				ONLY_ACTIVE_ARCH = YES;
				SDKROOT = iphoneos;
				SWIFT_ACTIVE_COMPILATION_CONDITIONS = DEBUG;
				SWIFT_OPTIMIZATION_LEVEL = "-Onone";
			};
			name = Debug;
		};
		A73E52992653994A00872103 /* Release */ = {
			isa = XCBuildConfiguration;
			buildSettings = {
				ALWAYS_SEARCH_USER_PATHS = NO;
				CLANG_ANALYZER_NONNULL = YES;
				CLANG_ANALYZER_NUMBER_OBJECT_CONVERSION = YES_AGGRESSIVE;
				CLANG_CXX_LANGUAGE_STANDARD = "gnu++14";
				CLANG_CXX_LIBRARY = "libc++";
				CLANG_ENABLE_MODULES = YES;
				CLANG_ENABLE_OBJC_ARC = YES;
				CLANG_ENABLE_OBJC_WEAK = YES;
				CLANG_WARN_BLOCK_CAPTURE_AUTORELEASING = YES;
				CLANG_WARN_BOOL_CONVERSION = YES;
				CLANG_WARN_COMMA = YES;
				CLANG_WARN_CONSTANT_CONVERSION = YES;
				CLANG_WARN_DEPRECATED_OBJC_IMPLEMENTATIONS = YES;
				CLANG_WARN_DIRECT_OBJC_ISA_USAGE = YES_ERROR;
				CLANG_WARN_DOCUMENTATION_COMMENTS = YES;
				CLANG_WARN_EMPTY_BODY = YES;
				CLANG_WARN_ENUM_CONVERSION = YES;
				CLANG_WARN_INFINITE_RECURSION = YES;
				CLANG_WARN_INT_CONVERSION = YES;
				CLANG_WARN_NON_LITERAL_NULL_CONVERSION = YES;
				CLANG_WARN_OBJC_IMPLICIT_RETAIN_SELF = YES;
				CLANG_WARN_OBJC_LITERAL_CONVERSION = YES;
				CLANG_WARN_OBJC_ROOT_CLASS = YES_ERROR;
				CLANG_WARN_QUOTED_INCLUDE_IN_FRAMEWORK_HEADER = YES;
				CLANG_WARN_RANGE_LOOP_ANALYSIS = YES;
				CLANG_WARN_STRICT_PROTOTYPES = YES;
				CLANG_WARN_SUSPICIOUS_MOVE = YES;
				CLANG_WARN_UNGUARDED_AVAILABILITY = YES_AGGRESSIVE;
				CLANG_WARN_UNREACHABLE_CODE = YES;
				CLANG_WARN__DUPLICATE_METHOD_MATCH = YES;
				COPY_PHASE_STRIP = NO;
				DEBUG_INFORMATION_FORMAT = "dwarf-with-dsym";
				ENABLE_NS_ASSERTIONS = NO;
				ENABLE_STRICT_OBJC_MSGSEND = YES;
				GCC_C_LANGUAGE_STANDARD = gnu11;
				GCC_NO_COMMON_BLOCKS = YES;
				GCC_WARN_64_TO_32_BIT_CONVERSION = YES;
				GCC_WARN_ABOUT_RETURN_TYPE = YES_ERROR;
				GCC_WARN_UNDECLARED_SELECTOR = YES;
				GCC_WARN_UNINITIALIZED_AUTOS = YES_AGGRESSIVE;
				GCC_WARN_UNUSED_FUNCTION = YES;
				GCC_WARN_UNUSED_VARIABLE = YES;
				IPHONEOS_DEPLOYMENT_TARGET = 14.3;
				MTL_ENABLE_DEBUG_INFO = NO;
				MTL_FAST_MATH = YES;
				SDKROOT = iphoneos;
				SWIFT_COMPILATION_MODE = wholemodule;
				SWIFT_OPTIMIZATION_LEVEL = "-O";
				VALIDATE_PRODUCT = YES;
			};
			name = Release;
		};
		A73E529B2653994A00872103 /* Debug */ = {
			isa = XCBuildConfiguration;
			baseConfigurationReference = D3A78520A8B1140116833F55 /* Pods-Chat App MVVM No Storyboard.debug.xcconfig */;
			buildSettings = {
				ASSETCATALOG_COMPILER_APPICON_NAME = AppIcon;
				ASSETCATALOG_COMPILER_GLOBAL_ACCENT_COLOR_NAME = AccentColor;
				CODE_SIGN_STYLE = Automatic;
				DEVELOPMENT_TEAM = GGA73G37Y2;
				INFOPLIST_FILE = "Chat App MVVM No Storyboard/Info.plist";
				LD_RUNPATH_SEARCH_PATHS = (
					"$(inherited)",
					"@executable_path/Frameworks",
				);
				PRODUCT_BUNDLE_IDENTIFIER = "co.ackdevelepment.Chat-App-MVVM-No-Storyboard";
				PRODUCT_NAME = "$(TARGET_NAME)";
				SWIFT_VERSION = 5.0;
				TARGETED_DEVICE_FAMILY = "1,2";
			};
			name = Debug;
		};
		A73E529C2653994A00872103 /* Release */ = {
			isa = XCBuildConfiguration;
			baseConfigurationReference = 4D7943CA91C99F1813943ADC /* Pods-Chat App MVVM No Storyboard.release.xcconfig */;
			buildSettings = {
				ASSETCATALOG_COMPILER_APPICON_NAME = AppIcon;
				ASSETCATALOG_COMPILER_GLOBAL_ACCENT_COLOR_NAME = AccentColor;
				CODE_SIGN_STYLE = Automatic;
				DEVELOPMENT_TEAM = GGA73G37Y2;
				INFOPLIST_FILE = "Chat App MVVM No Storyboard/Info.plist";
				LD_RUNPATH_SEARCH_PATHS = (
					"$(inherited)",
					"@executable_path/Frameworks",
				);
				PRODUCT_BUNDLE_IDENTIFIER = "co.ackdevelepment.Chat-App-MVVM-No-Storyboard";
				PRODUCT_NAME = "$(TARGET_NAME)";
				SWIFT_VERSION = 5.0;
				TARGETED_DEVICE_FAMILY = "1,2";
			};
			name = Release;
		};
/* End XCBuildConfiguration section */

/* Begin XCConfigurationList section */
		A73E52812653994A00872103 /* Build configuration list for PBXProject "Chat App MVVM No Storyboard" */ = {
			isa = XCConfigurationList;
			buildConfigurations = (
				A73E52982653994A00872103 /* Debug */,
				A73E52992653994A00872103 /* Release */,
			);
			defaultConfigurationIsVisible = 0;
			defaultConfigurationName = Release;
		};
		A73E529A2653994A00872103 /* Build configuration list for PBXNativeTarget "Chat App MVVM No Storyboard" */ = {
			isa = XCConfigurationList;
			buildConfigurations = (
				A73E529B2653994A00872103 /* Debug */,
				A73E529C2653994A00872103 /* Release */,
			);
			defaultConfigurationIsVisible = 0;
			defaultConfigurationName = Release;
		};
/* End XCConfigurationList section */
	};
	rootObject = A73E527E2653994A00872103 /* Project object */;
}
